// !$*UTF8*$!
{
	archiveVersion = 1;
	classes = {
	};
	objectVersion = 77;
	objects = {

/* Begin PBXContainerItemProxy section */
		2DA522962CA54637004314DA /* PBXContainerItemProxy */ = {
			isa = PBXContainerItemProxy;
			containerPortal = 2DA5227D2CA54636004314DA /* Project object */;
			proxyType = 1;
			remoteGlobalIDString = 2DA522842CA54636004314DA;
			remoteInfo = "YT-Vapor-APP";
		};
		2DA522A02CA54637004314DA /* PBXContainerItemProxy */ = {
			isa = PBXContainerItemProxy;
			containerPortal = 2DA5227D2CA54636004314DA /* Project object */;
			proxyType = 1;
			remoteGlobalIDString = 2DA522842CA54636004314DA;
			remoteInfo = "YT-Vapor-APP";
		};
/* End PBXContainerItemProxy section */

/* Begin PBXFileReference section */
		2DA522852CA54636004314DA /* YT-Vapor-APP.app */ = {isa = PBXFileReference; explicitFileType = wrapper.application; includeInIndex = 0; path = "YT-Vapor-APP.app"; sourceTree = BUILT_PRODUCTS_DIR; };
		2DA522952CA54637004314DA /* YT-Vapor-APPTests.xctest */ = {isa = PBXFileReference; explicitFileType = wrapper.cfbundle; includeInIndex = 0; path = "YT-Vapor-APPTests.xctest"; sourceTree = BUILT_PRODUCTS_DIR; };
		2DA5229F2CA54637004314DA /* YT-Vapor-APPUITests.xctest */ = {isa = PBXFileReference; explicitFileType = wrapper.cfbundle; includeInIndex = 0; path = "YT-Vapor-APPUITests.xctest"; sourceTree = BUILT_PRODUCTS_DIR; };
/* End PBXFileReference section */

/* Begin PBXFileSystemSynchronizedBuildFileExceptionSet section */
		2DEBB8402CA59CA500C694D7 /* Exceptions for "YT-Vapor-APP" folder in "YT-Vapor-APP" target */ = {
			isa = PBXFileSystemSynchronizedBuildFileExceptionSet;
			membershipExceptions = (
				Info.plist,
			);
			target = 2DA522842CA54636004314DA /* YT-Vapor-APP */;
		};
/* End PBXFileSystemSynchronizedBuildFileExceptionSet section */

/* Begin PBXFileSystemSynchronizedRootGroup section */
		2DA522872CA54636004314DA /* YT-Vapor-APP */ = {
			isa = PBXFileSystemSynchronizedRootGroup;
			exceptions = (
				2DEBB8402CA59CA500C694D7 /* Exceptions for "YT-Vapor-APP" folder in "YT-Vapor-APP" target */,
			);
			path = "YT-Vapor-APP";
			sourceTree = "<group>";
		};
		2DA522982CA54637004314DA /* YT-Vapor-APPTests */ = {
			isa = PBXFileSystemSynchronizedRootGroup;
			path = "YT-Vapor-APPTests";
			sourceTree = "<group>";
		};
		2DA522A22CA54637004314DA /* YT-Vapor-APPUITests */ = {
			isa = PBXFileSystemSynchronizedRootGroup;
			path = "YT-Vapor-APPUITests";
			sourceTree = "<group>";
		};
/* End PBXFileSystemSynchronizedRootGroup section */

/* Begin PBXFrameworksBuildPhase section */
		2DA522822CA54636004314DA /* Frameworks */ = {
			isa = PBXFrameworksBuildPhase;
			buildActionMask = 2147483647;
			files = (
			);
			runOnlyForDeploymentPostprocessing = 0;
		};
		2DA522922CA54637004314DA /* Frameworks */ = {
			isa = PBXFrameworksBuildPhase;
			buildActionMask = 2147483647;
			files = (
			);
			runOnlyForDeploymentPostprocessing = 0;
		};
		2DA5229C2CA54637004314DA /* Frameworks */ = {
			isa = PBXFrameworksBuildPhase;
			buildActionMask = 2147483647;
			files = (
			);
			runOnlyForDeploymentPostprocessing = 0;
		};
/* End PBXFrameworksBuildPhase section */

/* Begin PBXGroup section */
		2DA5227C2CA54636004314DA = {
			isa = PBXGroup;
			children = (
				2DA522872CA54636004314DA /* YT-Vapor-APP */,
				2DA522982CA54637004314DA /* YT-Vapor-APPTests */,
				2DA522A22CA54637004314DA /* YT-Vapor-APPUITests */,
				2DA522862CA54636004314DA /* Products */,
			);
			sourceTree = "<group>";
		};
		2DA522862CA54636004314DA /* Products */ = {
			isa = PBXGroup;
			children = (
				2DA522852CA54636004314DA /* YT-Vapor-APP.app */,
				2DA522952CA54637004314DA /* YT-Vapor-APPTests.xctest */,
				2DA5229F2CA54637004314DA /* YT-Vapor-APPUITests.xctest */,
			);
			name = Products;
			sourceTree = "<group>";
		};
/* End PBXGroup section */

/* Begin PBXNativeTarget section */
		2DA522842CA54636004314DA /* YT-Vapor-APP */ = {
			isa = PBXNativeTarget;
			buildConfigurationList = 2DA522A92CA54637004314DA /* Build configuration list for PBXNativeTarget "YT-Vapor-APP" */;
			buildPhases = (
				2DA522812CA54636004314DA /* Sources */,
				2DA522822CA54636004314DA /* Frameworks */,
				2DA522832CA54636004314DA /* Resources */,
				2DA522C52CA55704004314DA /* SwiftLint */,
			);
			buildRules = (
			);
			dependencies = (
			);
			fileSystemSynchronizedGroups = (
				2DA522872CA54636004314DA /* YT-Vapor-APP */,
			);
			name = "YT-Vapor-APP";
			packageProductDependencies = (
			);
			productName = "YT-Vapor-APP";
			productReference = 2DA522852CA54636004314DA /* YT-Vapor-APP.app */;
			productType = "com.apple.product-type.application";
		};
		2DA522942CA54637004314DA /* YT-Vapor-APPTests */ = {
			isa = PBXNativeTarget;
			buildConfigurationList = 2DA522AC2CA54637004314DA /* Build configuration list for PBXNativeTarget "YT-Vapor-APPTests" */;
			buildPhases = (
				2DA522912CA54637004314DA /* Sources */,
				2DA522922CA54637004314DA /* Frameworks */,
				2DA522932CA54637004314DA /* Resources */,
			);
			buildRules = (
			);
			dependencies = (
				2DA522972CA54637004314DA /* PBXTargetDependency */,
			);
			fileSystemSynchronizedGroups = (
				2DA522982CA54637004314DA /* YT-Vapor-APPTests */,
			);
			name = "YT-Vapor-APPTests";
			packageProductDependencies = (
			);
			productName = "YT-Vapor-APPTests";
			productReference = 2DA522952CA54637004314DA /* YT-Vapor-APPTests.xctest */;
			productType = "com.apple.product-type.bundle.unit-test";
		};
		2DA5229E2CA54637004314DA /* YT-Vapor-APPUITests */ = {
			isa = PBXNativeTarget;
			buildConfigurationList = 2DA522AF2CA54637004314DA /* Build configuration list for PBXNativeTarget "YT-Vapor-APPUITests" */;
			buildPhases = (
				2DA5229B2CA54637004314DA /* Sources */,
				2DA5229C2CA54637004314DA /* Frameworks */,
				2DA5229D2CA54637004314DA /* Resources */,
			);
			buildRules = (
			);
			dependencies = (
				2DA522A12CA54637004314DA /* PBXTargetDependency */,
			);
			fileSystemSynchronizedGroups = (
				2DA522A22CA54637004314DA /* YT-Vapor-APPUITests */,
			);
			name = "YT-Vapor-APPUITests";
			packageProductDependencies = (
			);
			productName = "YT-Vapor-APPUITests";
			productReference = 2DA5229F2CA54637004314DA /* YT-Vapor-APPUITests.xctest */;
			productType = "com.apple.product-type.bundle.ui-testing";
		};
/* End PBXNativeTarget section */

/* Begin PBXProject section */
		2DA5227D2CA54636004314DA /* Project object */ = {
			isa = PBXProject;
			attributes = {
				BuildIndependentTargetsInParallel = 1;
				LastSwiftUpdateCheck = 1600;
				LastUpgradeCheck = 1600;
				TargetAttributes = {
					2DA522842CA54636004314DA = {
						CreatedOnToolsVersion = 16.0;
					};
					2DA522942CA54637004314DA = {
						CreatedOnToolsVersion = 16.0;
						TestTargetID = 2DA522842CA54636004314DA;
					};
					2DA5229E2CA54637004314DA = {
						CreatedOnToolsVersion = 16.0;
						TestTargetID = 2DA522842CA54636004314DA;
					};
				};
			};
			buildConfigurationList = 2DA522802CA54636004314DA /* Build configuration list for PBXProject "YT-Vapor-APP" */;
			developmentRegion = en;
			hasScannedForEncodings = 0;
			knownRegions = (
				en,
				Base,
			);
			mainGroup = 2DA5227C2CA54636004314DA;
			minimizedProjectReferenceProxies = 1;
			preferredProjectObjectVersion = 77;
			productRefGroup = 2DA522862CA54636004314DA /* Products */;
			projectDirPath = "";
			projectRoot = "";
			targets = (
				2DA522842CA54636004314DA /* YT-Vapor-APP */,
				2DA522942CA54637004314DA /* YT-Vapor-APPTests */,
				2DA5229E2CA54637004314DA /* YT-Vapor-APPUITests */,
			);
		};
/* End PBXProject section */

/* Begin PBXResourcesBuildPhase section */
		2DA522832CA54636004314DA /* Resources */ = {
			isa = PBXResourcesBuildPhase;
			buildActionMask = 2147483647;
			files = (
			);
			runOnlyForDeploymentPostprocessing = 0;
		};
		2DA522932CA54637004314DA /* Resources */ = {
			isa = PBXResourcesBuildPhase;
			buildActionMask = 2147483647;
			files = (
			);
			runOnlyForDeploymentPostprocessing = 0;
		};
		2DA5229D2CA54637004314DA /* Resources */ = {
			isa = PBXResourcesBuildPhase;
			buildActionMask = 2147483647;
			files = (
			);
			runOnlyForDeploymentPostprocessing = 0;
		};
/* End PBXResourcesBuildPhase section */

/* Begin PBXShellScriptBuildPhase section */
		2DA522C52CA55704004314DA /* SwiftLint */ = {
			isa = PBXShellScriptBuildPhase;
			buildActionMask = 2147483647;
			files = (
			);
			inputFileListPaths = (
			);
			inputPaths = (
				"${SRCROOT}/YT-Vapor-APP/**/*.swift",
			);
			name = SwiftLint;
			outputFileListPaths = (
			);
			outputPaths = (
				"$(DERIVED_FILE_DIR)/swiftlint_output",
			);
			runOnlyForDeploymentPostprocessing = 0;
			shellPath = /bin/sh;
			shellScript = "#!/bin/bash\n\n# 确保 SwiftLint 被安装且在 PATH 中\nif which swiftlint >/dev/null; then\n  # 执行 SwiftLint\n  /opt/homebrew/bin/swiftlint lint --config \"${SRCROOT}/.swiftlint.yml\"\nelse\n  echo \"SwiftLint not installed, download from https://github.com/realm/SwiftLint\"\nfi\n";
		};
/* End PBXShellScriptBuildPhase section */

/* Begin PBXSourcesBuildPhase section */
		2DA522812CA54636004314DA /* Sources */ = {
			isa = PBXSourcesBuildPhase;
			buildActionMask = 2147483647;
			files = (
			);
			runOnlyForDeploymentPostprocessing = 0;
		};
		2DA522912CA54637004314DA /* Sources */ = {
			isa = PBXSourcesBuildPhase;
			buildActionMask = 2147483647;
			files = (
			);
			runOnlyForDeploymentPostprocessing = 0;
		};
		2DA5229B2CA54637004314DA /* Sources */ = {
			isa = PBXSourcesBuildPhase;
			buildActionMask = 2147483647;
			files = (
			);
			runOnlyForDeploymentPostprocessing = 0;
		};
/* End PBXSourcesBuildPhase section */

/* Begin PBXTargetDependency section */
		2DA522972CA54637004314DA /* PBXTargetDependency */ = {
			isa = PBXTargetDependency;
			target = 2DA522842CA54636004314DA /* YT-Vapor-APP */;
			targetProxy = 2DA522962CA54637004314DA /* PBXContainerItemProxy */;
		};
		2DA522A12CA54637004314DA /* PBXTargetDependency */ = {
			isa = PBXTargetDependency;
			target = 2DA522842CA54636004314DA /* YT-Vapor-APP */;
			targetProxy = 2DA522A02CA54637004314DA /* PBXContainerItemProxy */;
		};
/* End PBXTargetDependency section */

/* Begin XCBuildConfiguration section */
		2DA522A72CA54637004314DA /* Debug */ = {
			isa = XCBuildConfiguration;
			buildSettings = {
				ALWAYS_SEARCH_USER_PATHS = NO;
				ASSETCATALOG_COMPILER_GENERATE_SWIFT_ASSET_SYMBOL_EXTENSIONS = YES;
				CLANG_ANALYZER_NONNULL = YES;
				CLANG_ANALYZER_NUMBER_OBJECT_CONVERSION = YES_AGGRESSIVE;
				CLANG_CXX_LANGUAGE_STANDARD = "gnu++20";
				CLANG_ENABLE_MODULES = YES;
				CLANG_ENABLE_OBJC_ARC = YES;
				CLANG_ENABLE_OBJC_WEAK = YES;
				CLANG_WARN_BLOCK_CAPTURE_AUTORELEASING = YES;
				CLANG_WARN_BOOL_CONVERSION = YES;
				CLANG_WARN_COMMA = YES;
				CLANG_WARN_CONSTANT_CONVERSION = YES;
				CLANG_WARN_DEPRECATED_OBJC_IMPLEMENTATIONS = YES;
				CLANG_WARN_DIRECT_OBJC_ISA_USAGE = YES_ERROR;
				CLANG_WARN_DOCUMENTATION_COMMENTS = YES;
				CLANG_WARN_EMPTY_BODY = YES;
				CLANG_WARN_ENUM_CONVERSION = YES;
				CLANG_WARN_INFINITE_RECURSION = YES;
				CLANG_WARN_INT_CONVERSION = YES;
				CLANG_WARN_NON_LITERAL_NULL_CONVERSION = YES;
				CLANG_WARN_OBJC_IMPLICIT_RETAIN_SELF = YES;
				CLANG_WARN_OBJC_LITERAL_CONVERSION = YES;
				CLANG_WARN_OBJC_ROOT_CLASS = YES_ERROR;
				CLANG_WARN_QUOTED_INCLUDE_IN_FRAMEWORK_HEADER = YES;
				CLANG_WARN_RANGE_LOOP_ANALYSIS = YES;
				CLANG_WARN_STRICT_PROTOTYPES = YES;
				CLANG_WARN_SUSPICIOUS_MOVE = YES;
				CLANG_WARN_UNGUARDED_AVAILABILITY = YES_AGGRESSIVE;
				CLANG_WARN_UNREACHABLE_CODE = YES;
				CLANG_WARN__DUPLICATE_METHOD_MATCH = YES;
				COPY_PHASE_STRIP = NO;
				DEBUG_INFORMATION_FORMAT = dwarf;
				ENABLE_STRICT_OBJC_MSGSEND = YES;
				ENABLE_TESTABILITY = YES;
				ENABLE_USER_SCRIPT_SANDBOXING = YES;
				GCC_C_LANGUAGE_STANDARD = gnu17;
				GCC_DYNAMIC_NO_PIC = NO;
				GCC_NO_COMMON_BLOCKS = YES;
				GCC_OPTIMIZATION_LEVEL = 0;
				GCC_PREPROCESSOR_DEFINITIONS = (
					"DEBUG=1",
					"$(inherited)",
				);
				GCC_WARN_64_TO_32_BIT_CONVERSION = YES;
				GCC_WARN_ABOUT_RETURN_TYPE = YES_ERROR;
				GCC_WARN_UNDECLARED_SELECTOR = YES;
				GCC_WARN_UNINITIALIZED_AUTOS = YES_AGGRESSIVE;
				GCC_WARN_UNUSED_FUNCTION = YES;
				GCC_WARN_UNUSED_VARIABLE = YES;
				IPHONEOS_DEPLOYMENT_TARGET = 18.0;
				LOCALIZATION_PREFERS_STRING_CATALOGS = YES;
				MTL_ENABLE_DEBUG_INFO = INCLUDE_SOURCE;
				MTL_FAST_MATH = YES;
				ONLY_ACTIVE_ARCH = YES;
				SDKROOT = iphoneos;
				SWIFT_ACTIVE_COMPILATION_CONDITIONS = "DEBUG $(inherited)";
				SWIFT_OPTIMIZATION_LEVEL = "-Onone";
			};
			name = Debug;
		};
		2DA522A82CA54637004314DA /* Release */ = {
			isa = XCBuildConfiguration;
			buildSettings = {
				ALWAYS_SEARCH_USER_PATHS = NO;
				ASSETCATALOG_COMPILER_GENERATE_SWIFT_ASSET_SYMBOL_EXTENSIONS = YES;
				CLANG_ANALYZER_NONNULL = YES;
				CLANG_ANALYZER_NUMBER_OBJECT_CONVERSION = YES_AGGRESSIVE;
				CLANG_CXX_LANGUAGE_STANDARD = "gnu++20";
				CLANG_ENABLE_MODULES = YES;
				CLANG_ENABLE_OBJC_ARC = YES;
				CLANG_ENABLE_OBJC_WEAK = YES;
				CLANG_WARN_BLOCK_CAPTURE_AUTORELEASING = YES;
				CLANG_WARN_BOOL_CONVERSION = YES;
				CLANG_WARN_COMMA = YES;
				CLANG_WARN_CONSTANT_CONVERSION = YES;
				CLANG_WARN_DEPRECATED_OBJC_IMPLEMENTATIONS = YES;
				CLANG_WARN_DIRECT_OBJC_ISA_USAGE = YES_ERROR;
				CLANG_WARN_DOCUMENTATION_COMMENTS = YES;
				CLANG_WARN_EMPTY_BODY = YES;
				CLANG_WARN_ENUM_CONVERSION = YES;
				CLANG_WARN_INFINITE_RECURSION = YES;
				CLANG_WARN_INT_CONVERSION = YES;
				CLANG_WARN_NON_LITERAL_NULL_CONVERSION = YES;
				CLANG_WARN_OBJC_IMPLICIT_RETAIN_SELF = YES;
				CLANG_WARN_OBJC_LITERAL_CONVERSION = YES;
				CLANG_WARN_OBJC_ROOT_CLASS = YES_ERROR;
				CLANG_WARN_QUOTED_INCLUDE_IN_FRAMEWORK_HEADER = YES;
				CLANG_WARN_RANGE_LOOP_ANALYSIS = YES;
				CLANG_WARN_STRICT_PROTOTYPES = YES;
				CLANG_WARN_SUSPICIOUS_MOVE = YES;
				CLANG_WARN_UNGUARDED_AVAILABILITY = YES_AGGRESSIVE;
				CLANG_WARN_UNREACHABLE_CODE = YES;
				CLANG_WARN__DUPLICATE_METHOD_MATCH = YES;
				COPY_PHASE_STRIP = NO;
				DEBUG_INFORMATION_FORMAT = "dwarf-with-dsym";
				ENABLE_NS_ASSERTIONS = NO;
				ENABLE_STRICT_OBJC_MSGSEND = YES;
				ENABLE_USER_SCRIPT_SANDBOXING = YES;
				GCC_C_LANGUAGE_STANDARD = gnu17;
				GCC_NO_COMMON_BLOCKS = YES;
				GCC_WARN_64_TO_32_BIT_CONVERSION = YES;
				GCC_WARN_ABOUT_RETURN_TYPE = YES_ERROR;
				GCC_WARN_UNDECLARED_SELECTOR = YES;
				GCC_WARN_UNINITIALIZED_AUTOS = YES_AGGRESSIVE;
				GCC_WARN_UNUSED_FUNCTION = YES;
				GCC_WARN_UNUSED_VARIABLE = YES;
				IPHONEOS_DEPLOYMENT_TARGET = 18.0;
				LOCALIZATION_PREFERS_STRING_CATALOGS = YES;
				MTL_ENABLE_DEBUG_INFO = NO;
				MTL_FAST_MATH = YES;
				SDKROOT = iphoneos;
				SWIFT_COMPILATION_MODE = wholemodule;
				VALIDATE_PRODUCT = YES;
			};
			name = Release;
		};
		2DA522AA2CA54637004314DA /* Debug */ = {
			isa = XCBuildConfiguration;
			buildSettings = {
				ASSETCATALOG_COMPILER_APPICON_NAME = AppIcon;
				ASSETCATALOG_COMPILER_GLOBAL_ACCENT_COLOR_NAME = AccentColor;
				CODE_SIGN_STYLE = Automatic;
				CURRENT_PROJECT_VERSION = 1;
				DEVELOPMENT_ASSET_PATHS = "\"YT-Vapor-APP/Preview Content\"";
				ENABLE_PREVIEWS = YES;
				GENERATE_INFOPLIST_FILE = YES;
				INFOPLIST_FILE = "YT-Vapor-APP/Info.plist";
				INFOPLIST_KEY_UIApplicationSceneManifest_Generation = YES;
				INFOPLIST_KEY_UIApplicationSupportsIndirectInputEvents = YES;
				INFOPLIST_KEY_UILaunchScreen_Generation = YES;
				INFOPLIST_KEY_UISupportedInterfaceOrientations_iPad = "UIInterfaceOrientationPortrait UIInterfaceOrientationPortraitUpsideDown UIInterfaceOrientationLandscapeLeft UIInterfaceOrientationLandscapeRight";
				INFOPLIST_KEY_UISupportedInterfaceOrientations_iPhone = "UIInterfaceOrientationPortrait UIInterfaceOrientationLandscapeLeft UIInterfaceOrientationLandscapeRight";
				LD_RUNPATH_SEARCH_PATHS = (
					"$(inherited)",
					"@executable_path/Frameworks",
				);
				MARKETING_VERSION = 1.0;
				PRODUCT_BUNDLE_IDENTIFIER = "com.ken.Threads.YT-Vapor-APP";
				PRODUCT_NAME = "$(TARGET_NAME)";
				SWIFT_EMIT_LOC_STRINGS = YES;
				SWIFT_VERSION = 5.0;
				TARGETED_DEVICE_FAMILY = "1,2";
			};
			name = Debug;
		};
		2DA522AB2CA54637004314DA /* Release */ = {
			isa = XCBuildConfiguration;
			buildSettings = {
				ASSETCATALOG_COMPILER_APPICON_NAME = AppIcon;
				ASSETCATALOG_COMPILER_GLOBAL_ACCENT_COLOR_NAME = AccentColor;
				CODE_SIGN_STYLE = Automatic;
				CURRENT_PROJECT_VERSION = 1;
				DEVELOPMENT_ASSET_PATHS = "\"YT-Vapor-APP/Preview Content\"";
				ENABLE_PREVIEWS = YES;
				GENERATE_INFOPLIST_FILE = YES;
				INFOPLIST_FILE = "YT-Vapor-APP/Info.plist";
				INFOPLIST_KEY_UIApplicationSceneManifest_Generation = YES;
				INFOPLIST_KEY_UIApplicationSupportsIndirectInputEvents = YES;
				INFOPLIST_KEY_UILaunchScreen_Generation = YES;
				INFOPLIST_KEY_UISupportedInterfaceOrientations_iPad = "UIInterfaceOrientationPortrait UIInterfaceOrientationPortraitUpsideDown UIInterfaceOrientationLandscapeLeft UIInterfaceOrientationLandscapeRight";
				INFOPLIST_KEY_UISupportedInterfaceOrientations_iPhone = "UIInterfaceOrientationPortrait UIInterfaceOrientationLandscapeLeft UIInterfaceOrientationLandscapeRight";
				LD_RUNPATH_SEARCH_PATHS = (
					"$(inherited)",
					"@executable_path/Frameworks",
				);
				MARKETING_VERSION = 1.0;
				PRODUCT_BUNDLE_IDENTIFIER = "com.ken.Threads.YT-Vapor-APP";
				PRODUCT_NAME = "$(TARGET_NAME)";
				SWIFT_EMIT_LOC_STRINGS = YES;
				SWIFT_VERSION = 5.0;
				TARGETED_DEVICE_FAMILY = "1,2";
			};
			name = Release;
		};
		2DA522AD2CA54637004314DA /* Debug */ = {
			isa = XCBuildConfiguration;
			buildSettings = {
				BUNDLE_LOADER = "$(TEST_HOST)";
				CODE_SIGN_STYLE = Automatic;
				CURRENT_PROJECT_VERSION = 1;
				GENERATE_INFOPLIST_FILE = YES;
				IPHONEOS_DEPLOYMENT_TARGET = 18.0;
				MARKETING_VERSION = 1.0;
				PRODUCT_BUNDLE_IDENTIFIER = "com.ken.Threads.YT-Vapor-APPTests";
				PRODUCT_NAME = "$(TARGET_NAME)";
				SWIFT_EMIT_LOC_STRINGS = NO;
				SWIFT_VERSION = 5.0;
				TARGETED_DEVICE_FAMILY = "1,2";
				TEST_HOST = "$(BUILT_PRODUCTS_DIR)/YT-Vapor-APP.app/$(BUNDLE_EXECUTABLE_FOLDER_PATH)/YT-Vapor-APP";
			};
			name = Debug;
		};
		2DA522AE2CA54637004314DA /* Release */ = {
			isa = XCBuildConfiguration;
			buildSettings = {
				BUNDLE_LOADER = "$(TEST_HOST)";
				CODE_SIGN_STYLE = Automatic;
				CURRENT_PROJECT_VERSION = 1;
				GENERATE_INFOPLIST_FILE = YES;
				IPHONEOS_DEPLOYMENT_TARGET = 18.0;
				MARKETING_VERSION = 1.0;
				PRODUCT_BUNDLE_IDENTIFIER = "com.ken.Threads.YT-Vapor-APPTests";
				PRODUCT_NAME = "$(TARGET_NAME)";
				SWIFT_EMIT_LOC_STRINGS = NO;
				SWIFT_VERSION = 5.0;
				TARGETED_DEVICE_FAMILY = "1,2";
				TEST_HOST = "$(BUILT_PRODUCTS_DIR)/YT-Vapor-APP.app/$(BUNDLE_EXECUTABLE_FOLDER_PATH)/YT-Vapor-APP";
			};
			name = Release;
		};
		2DA522B02CA54637004314DA /* Debug */ = {
			isa = XCBuildConfiguration;
			buildSettings = {
				CODE_SIGN_STYLE = Automatic;
				CURRENT_PROJECT_VERSION = 1;
				GENERATE_INFOPLIST_FILE = YES;
				MARKETING_VERSION = 1.0;
				PRODUCT_BUNDLE_IDENTIFIER = "com.ken.Threads.YT-Vapor-APPUITests";
				PRODUCT_NAME = "$(TARGET_NAME)";
				SWIFT_EMIT_LOC_STRINGS = NO;
				SWIFT_VERSION = 5.0;
				TARGETED_DEVICE_FAMILY = "1,2";
				TEST_TARGET_NAME = "YT-Vapor-APP";
			};
			name = Debug;
		};
		2DA522B12CA54637004314DA /* Release */ = {
			isa = XCBuildConfiguration;
			buildSettings = {
				CODE_SIGN_STYLE = Automatic;
				CURRENT_PROJECT_VERSION = 1;
				GENERATE_INFOPLIST_FILE = YES;
				MARKETING_VERSION = 1.0;
				PRODUCT_BUNDLE_IDENTIFIER = "com.ken.Threads.YT-Vapor-APPUITests";
				PRODUCT_NAME = "$(TARGET_NAME)";
				SWIFT_EMIT_LOC_STRINGS = NO;
				SWIFT_VERSION = 5.0;
				TARGETED_DEVICE_FAMILY = "1,2";
				TEST_TARGET_NAME = "YT-Vapor-APP";
			};
			name = Release;
		};
/* End XCBuildConfiguration section */

/* Begin XCConfigurationList section */
		2DA522802CA54636004314DA /* Build configuration list for PBXProject "YT-Vapor-APP" */ = {
			isa = XCConfigurationList;
			buildConfigurations = (
				2DA522A72CA54637004314DA /* Debug */,
				2DA522A82CA54637004314DA /* Release */,
			);
			defaultConfigurationIsVisible = 0;
			defaultConfigurationName = Release;
		};
		2DA522A92CA54637004314DA /* Build configuration list for PBXNativeTarget "YT-Vapor-APP" */ = {
			isa = XCConfigurationList;
			buildConfigurations = (
				2DA522AA2CA54637004314DA /* Debug */,
				2DA522AB2CA54637004314DA /* Release */,
			);
			defaultConfigurationIsVisible = 0;
			defaultConfigurationName = Release;
		};
		2DA522AC2CA54637004314DA /* Build configuration list for PBXNativeTarget "YT-Vapor-APPTests" */ = {
			isa = XCConfigurationList;
			buildConfigurations = (
				2DA522AD2CA54637004314DA /* Debug */,
				2DA522AE2CA54637004314DA /* Release */,
			);
			defaultConfigurationIsVisible = 0;
			defaultConfigurationName = Release;
		};
		2DA522AF2CA54637004314DA /* Build configuration list for PBXNativeTarget "YT-Vapor-APPUITests" */ = {
			isa = XCConfigurationList;
			buildConfigurations = (
				2DA522B02CA54637004314DA /* Debug */,
				2DA522B12CA54637004314DA /* Release */,
			);
			defaultConfigurationIsVisible = 0;
			defaultConfigurationName = Release;
		};
/* End XCConfigurationList section */
	};
	rootObject = 2DA5227D2CA54636004314DA /* Project object */;
}
